<?xml version="1.0" encoding="utf-8"?>
<Project ToolsVersion="4.0" xmlns="http://schemas.microsoft.com/developer/msbuild/2003">
  <ItemGroup>
    <Filter Include="Source Files">
      <UniqueIdentifier>{4FC737F1-C7A5-4376-A066-2A32D752A2FF}</UniqueIdentifier>
      <Extensions>cpp;c;cc;cxx;c++;cppm;ixx;def;odl;idl;hpj;bat;asm;asmx</Extensions>
    </Filter>
    <Filter Include="Header Files">
      <UniqueIdentifier>{93995380-89BD-4b04-88EB-625FBE52EBFB}</UniqueIdentifier>
      <Extensions>h;hh;hpp;hxx;h++;hm;inl;inc;ipp;xsd</Extensions>
    </Filter>
    <Filter Include="Resource Files">
      <UniqueIdentifier>{67DA6AB6-F800-4c08-8B7A-83BB121AAD01}</UniqueIdentifier>
      <Extensions>rc;ico;cur;bmp;dlg;rc2;rct;bin;rgs;gif;jpg;jpeg;jpe;resx;tiff;tif;png;wav;mfcribbon-ms</Extensions>
    </Filter>
    <Filter Include="Header Files\pluginsdk">
      <UniqueIdentifier>{2e430117-686d-4410-a80c-cdc92ba350af}</UniqueIdentifier>
    </Filter>
    <Filter Include="Source Files\ThreadTrace">
      <UniqueIdentifier>{631d739d-396f-4d5d-b3e3-2cdae72c6524}</UniqueIdentifier>
    </Filter>
    <Filter Include="Source Files\disassembler">
      <UniqueIdentifier>{f01f3db0-bd30-466f-a1af-f05619d18cb9}</UniqueIdentifier>
    </Filter>
    <Filter Include="Source Files\LDasm">
      <UniqueIdentifier>{7191814d-618e-4bb6-b06e-999c73fa2915}</UniqueIdentifier>
    </Filter>
    <Filter Include="Header Files\LDasm">
      <UniqueIdentifier>{f443bc61-3a33-4dfa-9385-e1cd6fabc425}</UniqueIdentifier>
    </Filter>
  </ItemGroup>
  <ItemGroup>
    <ClCompile Include="dllmain.cpp">
      <Filter>Source Files</Filter>
    </ClCompile>
    <ClCompile Include="pulgin.cpp">
      <Filter>Source Files</Filter>
    </ClCompile>
    <ClCompile Include="ThreadTraceDialog.cpp">
      <Filter>Source Files\ThreadTrace</Filter>
    </ClCompile>
    <ClCompile Include="disassembler.cpp">
      <Filter>Source Files\disassembler</Filter>
    </ClCompile>
    <ClCompile Include="LDasm\LDasm.c">
      <Filter>Source Files\LDasm</Filter>
    </ClCompile>
    <ClCompile Include="ThreadTraceCore.cpp">
      <Filter>Source Files\ThreadTrace</Filter>
    </ClCompile>
  </ItemGroup>
  <ItemGroup>
    <ClInclude Include="dllmain.h">
      <Filter>Source Files</Filter>
    </ClInclude>
    <ClInclude Include="plugin.h">
      <Filter>Source Files</Filter>
    </ClInclude>
    <ClInclude Include="stdafx.h">
      <Filter>Header Files</Filter>
    </ClInclude>
    <ClInclude Include="pluginsdk\_dbgfunctions.h">
      <Filter>Header Files\pluginsdk</Filter>
    </ClInclude>
    <ClInclude Include="pluginsdk\_plugin_types.h">
      <Filter>Header Files\pluginsdk</Filter>
    </ClInclude>
    <ClInclude Include="pluginsdk\_plugins.h">
      <Filter>Header Files\pluginsdk</Filter>
    </ClInclude>
    <ClInclude Include="pluginsdk\_scriptapi.h">
      <Filter>Header Files\pluginsdk</Filter>
    </ClInclude>
    <ClInclude Include="pluginsdk\_scriptapi_argument.h">
      <Filter>Header Files\pluginsdk</Filter>
    </ClInclude>
    <ClInclude Include="pluginsdk\_scriptapi_assembler.h">
      <Filter>Header Files\pluginsdk</Filter>
    </ClInclude>
    <ClInclude Include="pluginsdk\_scriptapi_bookmark.h">
      <Filter>Header Files\pluginsdk</Filter>
    </ClInclude>
    <ClInclude Include="pluginsdk\_scriptapi_comment.h">
      <Filter>Header Files\pluginsdk</Filter>
    </ClInclude>
    <ClInclude Include="pluginsdk\_scriptapi_debug.h">
      <Filter>Header Files\pluginsdk</Filter>
    </ClInclude>
    <ClInclude Include="pluginsdk\_scriptapi_flag.h">
      <Filter>Header Files\pluginsdk</Filter>
    </ClInclude>
    <ClInclude Include="pluginsdk\_scriptapi_function.h">
      <Filter>Header Files\pluginsdk</Filter>
    </ClInclude>
    <ClInclude Include="pluginsdk\_scriptapi_gui.h">
      <Filter>Header Files\pluginsdk</Filter>
    </ClInclude>
    <ClInclude Include="pluginsdk\_scriptapi_label.h">
      <Filter>Header Files\pluginsdk</Filter>
    </ClInclude>
    <ClInclude Include="pluginsdk\_scriptapi_memory.h">
      <Filter>Header Files\pluginsdk</Filter>
    </ClInclude>
    <ClInclude Include="pluginsdk\_scriptapi_misc.h">
      <Filter>Header Files\pluginsdk</Filter>
    </ClInclude>
    <ClInclude Include="pluginsdk\_scriptapi_module.h">
      <Filter>Header Files\pluginsdk</Filter>
    </ClInclude>
    <ClInclude Include="pluginsdk\_scriptapi_pattern.h">
      <Filter>Header Files\pluginsdk</Filter>
    </ClInclude>
    <ClInclude Include="pluginsdk\_scriptapi_register.h">
      <Filter>Header Files\pluginsdk</Filter>
    </ClInclude>
    <ClInclude Include="pluginsdk\_scriptapi_stack.h">
      <Filter>Header Files\pluginsdk</Filter>
    </ClInclude>
    <ClInclude Include="pluginsdk\_scriptapi_symbol.h">
      <Filter>Header Files\pluginsdk</Filter>
    </ClInclude>
    <ClInclude Include="pluginsdk\bridgegraph.h">
      <Filter>Header Files\pluginsdk</Filter>
    </ClInclude>
    <ClInclude Include="pluginsdk\bridgelist.h">
      <Filter>Header Files\pluginsdk</Filter>
    </ClInclude>
    <ClInclude Include="pluginsdk\bridgemain.h">
      <Filter>Header Files\pluginsdk</Filter>
    </ClInclude>
    <ClInclude Include="ThreadTraceDialog.h">
      <Filter>Source Files\ThreadTrace</Filter>
    </ClInclude>
    <ClInclude Include="plugin_global.h">
      <Filter>Source Files</Filter>
    </ClInclude>
    <ClInclude Include="resource.h">
      <Filter>Header Files</Filter>
    </ClInclude>
    <ClInclude Include="ThreadTraceCore.h">
      <Filter>Source Files\ThreadTrace</Filter>
    </ClInclude>
    <ClInclude Include="disassembler.h">
      <Filter>Source Files\disassembler</Filter>
    </ClInclude>
    <ClInclude Include="LDasm\LDasm.h">
      <Filter>Source Files\LDasm</Filter>
    </ClInclude>
  </ItemGroup>
  <ItemGroup>
    <Library Include="pluginsdk\x32bridge.lib">
      <Filter>Header Files\pluginsdk</Filter>
    </Library>
    <Library Include="pluginsdk\x32dbg.lib">
      <Filter>Header Files\pluginsdk</Filter>
    </Library>
    <Library Include="pluginsdk\x64bridge.lib">
      <Filter>Header Files\pluginsdk</Filter>
    </Library>
    <Library Include="pluginsdk\x64dbg.lib">
      <Filter>Header Files\pluginsdk</Filter>
    </Library>
  </ItemGroup>
  <ItemGroup>
    <ResourceCompile Include="BranchTrace-x64plugin-wtl.rc">
      <Filter>Resource Files</Filter>
    </ResourceCompile>
  </ItemGroup>
  <ItemGroup>
    <Image Include="res\Thread.png">
      <Filter>Resource Files</Filter>
    </Image>
    <Image Include="res\trace.png">
      <Filter>Resource Files</Filter>
    </Image>
  </ItemGroup>
</Project>